
Microsoft Visual Studio Solution File, Format Version 12.00
# Visual Studio Version 17
VisualStudioVersion = 17.4.33213.308
MinimumVisualStudioVersion = 10.0.40219.1
Project("{FAE04EC0-301F-11D3-BF4B-00C04F79EFBC}") = "1", "1\1.csproj", "{742FB2EF-66A4-49D0-848D-8BB2B510312E}"
EndProject
Project("{FAE04EC0-301F-11D3-BF4B-00C04F79EFBC}") = "2", "2\2.csproj", "{7FFDC1ED-C2B9-4D81-A3D1-DB9A53670E4A}"
EndProject
Project("{FAE04EC0-301F-11D3-BF4B-00C04F79EFBC}") = "3", "3\3.csproj", "{7BADE0BC-8DAD-4BB9-99BF-0E6103C7DA61}"
EndProject
Project("{FAE04EC0-301F-11D3-BF4B-00C04F79EFBC}") = "4", "4\4.csproj", "{866F4860-42BE-4281-B8E0-92519D36D8FB}"
EndProject
Project("{FAE04EC0-301F-11D3-BF4B-00C04F79EFBC}") = "5", "5\5.csproj", "{EB1DAFB5-74B2-415D-8A28-880332AAEA71}"
EndProject
Project("{FAE04EC0-301F-11D3-BF4B-00C04F79EFBC}") = "6", "6\6.csproj", "{5F99971F-31FD-4DC4-9B33-7DD6B53D0BA9}"
EndProject
Project("{FAE04EC0-301F-11D3-BF4B-00C04F79EFBC}") = "7", "7\7.csproj", "{6B81188D-34AE-438B-8B5F-C64EAB68D658}"
EndProject
Project("{FAE04EC0-301F-11D3-BF4B-00C04F79EFBC}") = "8", "8\8.csproj", "{8E768017-D491-4ED6-B390-369BF66BADDF}"
EndProject
Project("{FAE04EC0-301F-11D3-BF4B-00C04F79EFBC}") = "9", "9\9.csproj", "{E32A762B-61BE-4F7F-9F9D-F3D81B69A476}"
EndProject
Project("{FAE04EC0-301F-11D3-BF4B-00C04F79EFBC}") = "10", "10\10.csproj", "{9CCAF630-2466-43B9-8E57-57B394113353}"
EndProject
Project("{FAE04EC0-301F-11D3-BF4B-00C04F79EFBC}") = "11", "11\11.csproj", "{C579F4BC-CF55-4FC2-B851-7073C78E2675}"
EndProject
Project("{FAE04EC0-301F-11D3-BF4B-00C04F79EFBC}") = "12", "12\12.csproj", "{BA13E3B1-1DE1-4756-89CA-C85438735241}"
EndProject
Project("{FAE04EC0-301F-11D3-BF4B-00C04F79EFBC}") = "13", "13\13.csproj", "{3F3CB023-DD6F-4C34-9AF3-82855CBA6355}"
EndProject
Project("{FAE04EC0-301F-11D3-BF4B-00C04F79EFBC}") = "14", "14\14.csproj", "{59ECC295-EB85-4713-820C-979232A45200}"
EndProject
Project("{FAE04EC0-301F-11D3-BF4B-00C04F79EFBC}") = "15", "15\15.csproj", "{595D88BB-5200-49A1-8D7F-927FC2343851}"
EndProject
Global
	GlobalSection(SolutionConfigurationPlatforms) = preSolution
		Debug|Any CPU = Debug|Any CPU
		Release|Any CPU = Release|Any CPU
	EndGlobalSection
	GlobalSection(ProjectConfigurationPlatforms) = postSolution
		{742FB2EF-66A4-49D0-848D-8BB2B510312E}.Debug|Any CPU.ActiveCfg = Debug|Any CPU
		{742FB2EF-66A4-49D0-848D-8BB2B510312E}.Debug|Any CPU.Build.0 = Debug|Any CPU
		{742FB2EF-66A4-49D0-848D-8BB2B510312E}.Release|Any CPU.ActiveCfg = Release|Any CPU
		{742FB2EF-66A4-49D0-848D-8BB2B510312E}.Release|Any CPU.Build.0 = Release|Any CPU
		{7FFDC1ED-C2B9-4D81-A3D1-DB9A53670E4A}.Debug|Any CPU.ActiveCfg = Debug|Any CPU
		{7FFDC1ED-C2B9-4D81-A3D1-DB9A53670E4A}.Debug|Any CPU.Build.0 = Debug|Any CPU
		{7FFDC1ED-C2B9-4D81-A3D1-DB9A53670E4A}.Release|Any CPU.ActiveCfg = Release|Any CPU
		{7FFDC1ED-C2B9-4D81-A3D1-DB9A53670E4A}.Release|Any CPU.Build.0 = Release|Any CPU
		{7BADE0BC-8DAD-4BB9-99BF-0E6103C7DA61}.Debug|Any CPU.ActiveCfg = Debug|Any CPU
		{7BADE0BC-8DAD-4BB9-99BF-0E6103C7DA61}.Debug|Any CPU.Build.0 = Debug|Any CPU
		{7BADE0BC-8DAD-4BB9-99BF-0E6103C7DA61}.Release|Any CPU.ActiveCfg = Release|Any CPU
		{7BADE0BC-8DAD-4BB9-99BF-0E6103C7DA61}.Release|Any CPU.Build.0 = Release|Any CPU
		{866F4860-42BE-4281-B8E0-92519D36D8FB}.Debug|Any CPU.ActiveCfg = Debug|Any CPU
		{866F4860-42BE-4281-B8E0-92519D36D8FB}.Debug|Any CPU.Build.0 = Debug|Any CPU
		{866F4860-42BE-4281-B8E0-92519D36D8FB}.Release|Any CPU.ActiveCfg = Release|Any CPU
		{866F4860-42BE-4281-B8E0-92519D36D8FB}.Release|Any CPU.Build.0 = Release|Any CPU
		{EB1DAFB5-74B2-415D-8A28-880332AAEA71}.Debug|Any CPU.ActiveCfg = Debug|Any CPU
		{EB1DAFB5-74B2-415D-8A28-880332AAEA71}.Debug|Any CPU.Build.0 = Debug|Any CPU
		{EB1DAFB5-74B2-415D-8A28-880332AAEA71}.Release|Any CPU.ActiveCfg = Release|Any CPU
		{EB1DAFB5-74B2-415D-8A28-880332AAEA71}.Release|Any CPU.Build.0 = Release|Any CPU
		{5F99971F-31FD-4DC4-9B33-7DD6B53D0BA9}.Debug|Any CPU.ActiveCfg = Debug|Any CPU
		{5F99971F-31FD-4DC4-9B33-7DD6B53D0BA9}.Debug|Any CPU.Build.0 = Debug|Any CPU
		{5F99971F-31FD-4DC4-9B33-7DD6B53D0BA9}.Release|Any CPU.ActiveCfg = Release|Any CPU
		{5F99971F-31FD-4DC4-9B33-7DD6B53D0BA9}.Release|Any CPU.Build.0 = Release|Any CPU
		{6B81188D-34AE-438B-8B5F-C64EAB68D658}.Debug|Any CPU.ActiveCfg = Debug|Any CPU
		{6B81188D-34AE-438B-8B5F-C64EAB68D658}.Debug|Any CPU.Build.0 = Debug|Any CPU
		{6B81188D-34AE-438B-8B5F-C64EAB68D658}.Release|Any CPU.ActiveCfg = Release|Any CPU
		{6B81188D-34AE-438B-8B5F-C64EAB68D658}.Release|Any CPU.Build.0 = Release|Any CPU
		{8E768017-D491-4ED6-B390-369BF66BADDF}.Debug|Any CPU.ActiveCfg = Debug|Any CPU
		{8E768017-D491-4ED6-B390-369BF66BADDF}.Debug|Any CPU.Build.0 = Debug|Any CPU
		{8E768017-D491-4ED6-B390-369BF66BADDF}.Release|Any CPU.ActiveCfg = Release|Any CPU
		{8E768017-D491-4ED6-B390-369BF66BADDF}.Release|Any CPU.Build.0 = Release|Any CPU
		{E32A762B-61BE-4F7F-9F9D-F3D81B69A476}.Debug|Any CPU.ActiveCfg = Debug|Any CPU
		{E32A762B-61BE-4F7F-9F9D-F3D81B69A476}.Debug|Any CPU.Build.0 = Debug|Any CPU
		{E32A762B-61BE-4F7F-9F9D-F3D81B69A476}.Release|Any CPU.ActiveCfg = Release|Any CPU
		{E32A762B-61BE-4F7F-9F9D-F3D81B69A476}.Release|Any CPU.Build.0 = Release|Any CPU
		{9CCAF630-2466-43B9-8E57-57B394113353}.Debug|Any CPU.ActiveCfg = Debug|Any CPU
		{9CCAF630-2466-43B9-8E57-57B394113353}.Debug|Any CPU.Build.0 = Debug|Any CPU
		{9CCAF630-2466-43B9-8E57-57B394113353}.Release|Any CPU.ActiveCfg = Release|Any CPU
		{9CCAF630-2466-43B9-8E57-57B394113353}.Release|Any CPU.Build.0 = Release|Any CPU
		{C579F4BC-CF55-4FC2-B851-7073C78E2675}.Debug|Any CPU.ActiveCfg = Debug|Any CPU
		{C579F4BC-CF55-4FC2-B851-7073C78E2675}.Debug|Any CPU.Build.0 = Debug|Any CPU
		{C579F4BC-CF55-4FC2-B851-7073C78E2675}.Release|Any CPU.ActiveCfg = Release|Any CPU
		{C579F4BC-CF55-4FC2-B851-7073C78E2675}.Release|Any CPU.Build.0 = Release|Any CPU
		{BA13E3B1-1DE1-4756-89CA-C85438735241}.Debug|Any CPU.ActiveCfg = Debug|Any CPU
		{BA13E3B1-1DE1-4756-89CA-C85438735241}.Debug|Any CPU.Build.0 = Debug|Any CPU
		{BA13E3B1-1DE1-4756-89CA-C85438735241}.Release|Any CPU.ActiveCfg = Release|Any CPU
		{BA13E3B1-1DE1-4756-89CA-C85438735241}.Release|Any CPU.Build.0 = Release|Any CPU
		{3F3CB023-DD6F-4C34-9AF3-82855CBA6355}.Debug|Any CPU.ActiveCfg = Debug|Any CPU
		{3F3CB023-DD6F-4C34-9AF3-82855CBA6355}.Debug|Any CPU.Build.0 = Debug|Any CPU
		{3F3CB023-DD6F-4C34-9AF3-82855CBA6355}.Release|Any CPU.ActiveCfg = Release|Any CPU
		{3F3CB023-DD6F-4C34-9AF3-82855CBA6355}.Release|Any CPU.Build.0 = Release|Any CPU
		{59ECC295-EB85-4713-820C-979232A45200}.Debug|Any CPU.ActiveCfg = Debug|Any CPU
		{59ECC295-EB85-4713-820C-979232A45200}.Debug|Any CPU.Build.0 = Debug|Any CPU
		{59ECC295-EB85-4713-820C-979232A45200}.Release|Any CPU.ActiveCfg = Release|Any CPU
		{59ECC295-EB85-4713-820C-979232A45200}.Release|Any CPU.Build.0 = Release|Any CPU
		{595D88BB-5200-49A1-8D7F-927FC2343851}.Debug|Any CPU.ActiveCfg = Debug|Any CPU
		{595D88BB-5200-49A1-8D7F-927FC2343851}.Debug|Any CPU.Build.0 = Debug|Any CPU
		{595D88BB-5200-49A1-8D7F-927FC2343851}.Release|Any CPU.ActiveCfg = Release|Any CPU
		{595D88BB-5200-49A1-8D7F-927FC2343851}.Release|Any CPU.Build.0 = Release|Any CPU
	EndGlobalSection
	GlobalSection(SolutionProperties) = preSolution
		HideSolutionNode = FALSE
	EndGlobalSection
	GlobalSection(ExtensibilityGlobals) = postSolution
		SolutionGuid = {042D347D-AA67-4B5E-8334-E30846DD7289}
	EndGlobalSection
EndGlobal
